
Microsoft Visual Studio Solution File, Format Version 12.00
# Visual Studio Version 16
VisualStudioVersion = 16.0.32630.194
MinimumVisualStudioVersion = 10.0.40219.1
Project("{FAE04EC0-301F-11D3-BF4B-00C04F79EFBC}") = "квадратное уравнение урок 2", "квадратное уравнение урок 2\квадратное уравнение урок 2.csproj", "{EB801322-4912-4D30-88C3-8915AB594CC7}"
EndProject
Global
	GlobalSection(SolutionConfigurationPlatforms) = preSolution
		Debug|Any CPU = Debug|Any CPU
		Release|Any CPU = Release|Any CPU
	EndGlobalSection
	GlobalSection(ProjectConfigurationPlatforms) = postSolution
		{EB801322-4912-4D30-88C3-8915AB594CC7}.Debug|Any CPU.ActiveCfg = Debug|Any CPU
		{EB801322-4912-4D30-88C3-8915AB594CC7}.Debug|Any CPU.Build.0 = Debug|Any CPU
		{EB801322-4912-4D30-88C3-8915AB594CC7}.Release|Any CPU.ActiveCfg = Release|Any CPU
		{EB801322-4912-4D30-88C3-8915AB594CC7}.Release|Any CPU.Build.0 = Release|Any CPU
	EndGlobalSection
	GlobalSection(SolutionProperties) = preSolution
		HideSolutionNode = FALSE
	EndGlobalSection
	GlobalSection(ExtensibilityGlobals) = postSolution
		SolutionGuid = {758867EB-F177-422E-A74F-91D2A774DB47}
	EndGlobalSection
EndGlobal
